// !$*UTF8*$!
{
	archiveVersion = 1;
	classes = {
	};
	objectVersion = 50;
	objects = {

/* Begin PBXBuildFile section */
		7492DC1325B1E12D00EC03DC /* AppDelegate.swift in Sources */ = {isa = PBXBuildFile; fileRef = 7492DC1225B1E12D00EC03DC /* AppDelegate.swift */; };
		7492DC1525B1E12D00EC03DC /* SceneDelegate.swift in Sources */ = {isa = PBXBuildFile; fileRef = 7492DC1425B1E12D00EC03DC /* SceneDelegate.swift */; };
		7492DC1725B1E12D00EC03DC /* ViewController.swift in Sources */ = {isa = PBXBuildFile; fileRef = 7492DC1625B1E12D00EC03DC /* ViewController.swift */; };
		7492DC1A25B1E12D00EC03DC /* Main.storyboard in Resources */ = {isa = PBXBuildFile; fileRef = 7492DC1825B1E12D00EC03DC /* Main.storyboard */; };
		7492DC1C25B1E12D00EC03DC /* Assets.xcassets in Resources */ = {isa = PBXBuildFile; fileRef = 7492DC1B25B1E12D00EC03DC /* Assets.xcassets */; };
		7492DC1F25B1E12D00EC03DC /* LaunchScreen.storyboard in Resources */ = {isa = PBXBuildFile; fileRef = 7492DC1D25B1E12D00EC03DC /* LaunchScreen.storyboard */; };
		7492DC2A25B1E12E00EC03DC /* Movie_SearcherTests.swift in Sources */ = {isa = PBXBuildFile; fileRef = 7492DC2925B1E12E00EC03DC /* Movie_SearcherTests.swift */; };
		7492DC3525B1E12E00EC03DC /* Movie_SearcherUITests.swift in Sources */ = {isa = PBXBuildFile; fileRef = 7492DC3425B1E12E00EC03DC /* Movie_SearcherUITests.swift */; };
		7492DC4F25B1F15900EC03DC /* MovieTableViewCell.swift in Sources */ = {isa = PBXBuildFile; fileRef = 7492DC4D25B1F15900EC03DC /* MovieTableViewCell.swift */; };
		7492DC5025B1F15900EC03DC /* MovieTableViewCell.xib in Resources */ = {isa = PBXBuildFile; fileRef = 7492DC4E25B1F15900EC03DC /* MovieTableViewCell.xib */; };
/* End PBXBuildFile section */

/* Begin PBXContainerItemProxy section */
		7492DC2625B1E12E00EC03DC /* PBXContainerItemProxy */ = {
			isa = PBXContainerItemProxy;
			containerPortal = 7492DC0725B1E12C00EC03DC /* Project object */;
			proxyType = 1;
			remoteGlobalIDString = 7492DC0E25B1E12C00EC03DC;
			remoteInfo = "Movie Searcher";
		};
		7492DC3125B1E12E00EC03DC /* PBXContainerItemProxy */ = {
			isa = PBXContainerItemProxy;
			containerPortal = 7492DC0725B1E12C00EC03DC /* Project object */;
			proxyType = 1;
			remoteGlobalIDString = 7492DC0E25B1E12C00EC03DC;
			remoteInfo = "Movie Searcher";
		};
/* End PBXContainerItemProxy section */

/* Begin PBXFileReference section */
		7492DC0F25B1E12D00EC03DC /* Movie Searcher.app */ = {isa = PBXFileReference; explicitFileType = wrapper.application; includeInIndex = 0; path = "Movie Searcher.app"; sourceTree = BUILT_PRODUCTS_DIR; };
		7492DC1225B1E12D00EC03DC /* AppDelegate.swift */ = {isa = PBXFileReference; lastKnownFileType = sourcecode.swift; path = AppDelegate.swift; sourceTree = "<group>"; };
		7492DC1425B1E12D00EC03DC /* SceneDelegate.swift */ = {isa = PBXFileReference; lastKnownFileType = sourcecode.swift; path = SceneDelegate.swift; sourceTree = "<group>"; };
		7492DC1625B1E12D00EC03DC /* ViewController.swift */ = {isa = PBXFileReference; lastKnownFileType = sourcecode.swift; path = ViewController.swift; sourceTree = "<group>"; };
		7492DC1925B1E12D00EC03DC /* Base */ = {isa = PBXFileReference; lastKnownFileType = file.storyboard; name = Base; path = Base.lproj/Main.storyboard; sourceTree = "<group>"; };
		7492DC1B25B1E12D00EC03DC /* Assets.xcassets */ = {isa = PBXFileReference; lastKnownFileType = folder.assetcatalog; path = Assets.xcassets; sourceTree = "<group>"; };
		7492DC1E25B1E12D00EC03DC /* Base */ = {isa = PBXFileReference; lastKnownFileType = file.storyboard; name = Base; path = Base.lproj/LaunchScreen.storyboard; sourceTree = "<group>"; };
		7492DC2025B1E12D00EC03DC /* Info.plist */ = {isa = PBXFileReference; lastKnownFileType = text.plist.xml; path = Info.plist; sourceTree = "<group>"; };
		7492DC2525B1E12E00EC03DC /* Movie SearcherTests.xctest */ = {isa = PBXFileReference; explicitFileType = wrapper.cfbundle; includeInIndex = 0; path = "Movie SearcherTests.xctest"; sourceTree = BUILT_PRODUCTS_DIR; };
		7492DC2925B1E12E00EC03DC /* Movie_SearcherTests.swift */ = {isa = PBXFileReference; lastKnownFileType = sourcecode.swift; path = Movie_SearcherTests.swift; sourceTree = "<group>"; };
		7492DC2B25B1E12E00EC03DC /* Info.plist */ = {isa = PBXFileReference; lastKnownFileType = text.plist.xml; path = Info.plist; sourceTree = "<group>"; };
		7492DC3025B1E12E00EC03DC /* Movie SearcherUITests.xctest */ = {isa = PBXFileReference; explicitFileType = wrapper.cfbundle; includeInIndex = 0; path = "Movie SearcherUITests.xctest"; sourceTree = BUILT_PRODUCTS_DIR; };
		7492DC3425B1E12E00EC03DC /* Movie_SearcherUITests.swift */ = {isa = PBXFileReference; lastKnownFileType = sourcecode.swift; path = Movie_SearcherUITests.swift; sourceTree = "<group>"; };
		7492DC3625B1E12E00EC03DC /* Info.plist */ = {isa = PBXFileReference; lastKnownFileType = text.plist.xml; path = Info.plist; sourceTree = "<group>"; };
		7492DC4D25B1F15900EC03DC /* MovieTableViewCell.swift */ = {isa = PBXFileReference; lastKnownFileType = sourcecode.swift; path = MovieTableViewCell.swift; sourceTree = "<group>"; };
		7492DC4E25B1F15900EC03DC /* MovieTableViewCell.xib */ = {isa = PBXFileReference; lastKnownFileType = file.xib; path = MovieTableViewCell.xib; sourceTree = "<group>"; };
/* End PBXFileReference section */

/* Begin PBXFrameworksBuildPhase section */
		7492DC0C25B1E12C00EC03DC /* Frameworks */ = {
			isa = PBXFrameworksBuildPhase;
			buildActionMask = 2147483647;
			files = (
			);
			runOnlyForDeploymentPostprocessing = 0;
		};
		7492DC2225B1E12E00EC03DC /* Frameworks */ = {
			isa = PBXFrameworksBuildPhase;
			buildActionMask = 2147483647;
			files = (
			);
			runOnlyForDeploymentPostprocessing = 0;
		};
		7492DC2D25B1E12E00EC03DC /* Frameworks */ = {
			isa = PBXFrameworksBuildPhase;
			buildActionMask = 2147483647;
			files = (
			);
			runOnlyForDeploymentPostprocessing = 0;
		};
/* End PBXFrameworksBuildPhase section */

/* Begin PBXGroup section */
		7492DC0625B1E12C00EC03DC = {
			isa = PBXGroup;
			children = (
				7492DC1125B1E12D00EC03DC /* Movie Searcher */,
				7492DC2825B1E12E00EC03DC /* Movie SearcherTests */,
				7492DC3325B1E12E00EC03DC /* Movie SearcherUITests */,
				7492DC1025B1E12D00EC03DC /* Products */,
			);
			sourceTree = "<group>";
		};
		7492DC1025B1E12D00EC03DC /* Products */ = {
			isa = PBXGroup;
			children = (
				7492DC0F25B1E12D00EC03DC /* Movie Searcher.app */,
				7492DC2525B1E12E00EC03DC /* Movie SearcherTests.xctest */,
				7492DC3025B1E12E00EC03DC /* Movie SearcherUITests.xctest */,
			);
			name = Products;
			sourceTree = "<group>";
		};
		7492DC1125B1E12D00EC03DC /* Movie Searcher */ = {
			isa = PBXGroup;
			children = (
				7492DC1225B1E12D00EC03DC /* AppDelegate.swift */,
				7492DC1425B1E12D00EC03DC /* SceneDelegate.swift */,
				7492DC1625B1E12D00EC03DC /* ViewController.swift */,
				7492DC1825B1E12D00EC03DC /* Main.storyboard */,
				7492DC1B25B1E12D00EC03DC /* Assets.xcassets */,
				7492DC1D25B1E12D00EC03DC /* LaunchScreen.storyboard */,
				7492DC2025B1E12D00EC03DC /* Info.plist */,
				7492DC4D25B1F15900EC03DC /* MovieTableViewCell.swift */,
				7492DC4E25B1F15900EC03DC /* MovieTableViewCell.xib */,
			);
			path = "Movie Searcher";
			sourceTree = "<group>";
		};
		7492DC2825B1E12E00EC03DC /* Movie SearcherTests */ = {
			isa = PBXGroup;
			children = (
				7492DC2925B1E12E00EC03DC /* Movie_SearcherTests.swift */,
				7492DC2B25B1E12E00EC03DC /* Info.plist */,
			);
			path = "Movie SearcherTests";
			sourceTree = "<group>";
		};
		7492DC3325B1E12E00EC03DC /* Movie SearcherUITests */ = {
			isa = PBXGroup;
			children = (
				7492DC3425B1E12E00EC03DC /* Movie_SearcherUITests.swift */,
				7492DC3625B1E12E00EC03DC /* Info.plist */,
			);
			path = "Movie SearcherUITests";
			sourceTree = "<group>";
		};
/* End PBXGroup section */

/* Begin PBXNativeTarget section */
		7492DC0E25B1E12C00EC03DC /* Movie Searcher */ = {
			isa = PBXNativeTarget;
			buildConfigurationList = 7492DC3925B1E12E00EC03DC /* Build configuration list for PBXNativeTarget "Movie Searcher" */;
			buildPhases = (
				7492DC0B25B1E12C00EC03DC /* Sources */,
				7492DC0C25B1E12C00EC03DC /* Frameworks */,
				7492DC0D25B1E12C00EC03DC /* Resources */,
			);
			buildRules = (
			);
			dependencies = (
			);
			name = "Movie Searcher";
			productName = "Movie Searcher";
			productReference = 7492DC0F25B1E12D00EC03DC /* Movie Searcher.app */;
			productType = "com.apple.product-type.application";
		};
		7492DC2425B1E12E00EC03DC /* Movie SearcherTests */ = {
			isa = PBXNativeTarget;
			buildConfigurationList = 7492DC3C25B1E12E00EC03DC /* Build configuration list for PBXNativeTarget "Movie SearcherTests" */;
			buildPhases = (
				7492DC2125B1E12E00EC03DC /* Sources */,
				7492DC2225B1E12E00EC03DC /* Frameworks */,
				7492DC2325B1E12E00EC03DC /* Resources */,
			);
			buildRules = (
			);
			dependencies = (
				7492DC2725B1E12E00EC03DC /* PBXTargetDependency */,
			);
			name = "Movie SearcherTests";
			productName = "Movie SearcherTests";
			productReference = 7492DC2525B1E12E00EC03DC /* Movie SearcherTests.xctest */;
			productType = "com.apple.product-type.bundle.unit-test";
		};
		7492DC2F25B1E12E00EC03DC /* Movie SearcherUITests */ = {
			isa = PBXNativeTarget;
			buildConfigurationList = 7492DC3F25B1E12E00EC03DC /* Build configuration list for PBXNativeTarget "Movie SearcherUITests" */;
			buildPhases = (
				7492DC2C25B1E12E00EC03DC /* Sources */,
				7492DC2D25B1E12E00EC03DC /* Frameworks */,
				7492DC2E25B1E12E00EC03DC /* Resources */,
			);
			buildRules = (
			);
			dependencies = (
				7492DC3225B1E12E00EC03DC /* PBXTargetDependency */,
			);
			name = "Movie SearcherUITests";
			productName = "Movie SearcherUITests";
			productReference = 7492DC3025B1E12E00EC03DC /* Movie SearcherUITests.xctest */;
			productType = "com.apple.product-type.bundle.ui-testing";
		};
/* End PBXNativeTarget section */

/* Begin PBXProject section */
		7492DC0725B1E12C00EC03DC /* Project object */ = {
			isa = PBXProject;
			attributes = {
				LastSwiftUpdateCheck = 1230;
				LastUpgradeCheck = 1230;
				TargetAttributes = {
					7492DC0E25B1E12C00EC03DC = {
						CreatedOnToolsVersion = 12.3;
					};
					7492DC2425B1E12E00EC03DC = {
						CreatedOnToolsVersion = 12.3;
						TestTargetID = 7492DC0E25B1E12C00EC03DC;
					};
					7492DC2F25B1E12E00EC03DC = {
						CreatedOnToolsVersion = 12.3;
						TestTargetID = 7492DC0E25B1E12C00EC03DC;
					};
				};
			};
			buildConfigurationList = 7492DC0A25B1E12C00EC03DC /* Build configuration list for PBXProject "Movie Searcher" */;
			compatibilityVersion = "Xcode 9.3";
			developmentRegion = en;
			hasScannedForEncodings = 0;
			knownRegions = (
				en,
				Base,
			);
			mainGroup = 7492DC0625B1E12C00EC03DC;
			productRefGroup = 7492DC1025B1E12D00EC03DC /* Products */;
			projectDirPath = "";
			projectRoot = "";
			targets = (
				7492DC0E25B1E12C00EC03DC /* Movie Searcher */,
				7492DC2425B1E12E00EC03DC /* Movie SearcherTests */,
				7492DC2F25B1E12E00EC03DC /* Movie SearcherUITests */,
			);
		};
/* End PBXProject section */

/* Begin PBXResourcesBuildPhase section */
		7492DC0D25B1E12C00EC03DC /* Resources */ = {
			isa = PBXResourcesBuildPhase;
			buildActionMask = 2147483647;
			files = (
				7492DC1F25B1E12D00EC03DC /* LaunchScreen.storyboard in Resources */,
				7492DC1C25B1E12D00EC03DC /* Assets.xcassets in Resources */,
				7492DC5025B1F15900EC03DC /* MovieTableViewCell.xib in Resources */,
				7492DC1A25B1E12D00EC03DC /* Main.storyboard in Resources */,
			);
			runOnlyForDeploymentPostprocessing = 0;
		};
		7492DC2325B1E12E00EC03DC /* Resources */ = {
			isa = PBXResourcesBuildPhase;
			buildActionMask = 2147483647;
			files = (
			);
			runOnlyForDeploymentPostprocessing = 0;
		};
		7492DC2E25B1E12E00EC03DC /* Resources */ = {
			isa = PBXResourcesBuildPhase;
			buildActionMask = 2147483647;
			files = (
			);
			runOnlyForDeploymentPostprocessing = 0;
		};
/* End PBXResourcesBuildPhase section */

/* Begin PBXSourcesBuildPhase section */
		7492DC0B25B1E12C00EC03DC /* Sources */ = {
			isa = PBXSourcesBuildPhase;
			buildActionMask = 2147483647;
			files = (
				7492DC1725B1E12D00EC03DC /* ViewController.swift in Sources */,
				7492DC1325B1E12D00EC03DC /* AppDelegate.swift in Sources */,
				7492DC4F25B1F15900EC03DC /* MovieTableViewCell.swift in Sources */,
				7492DC1525B1E12D00EC03DC /* SceneDelegate.swift in Sources */,
			);
			runOnlyForDeploymentPostprocessing = 0;
		};
		7492DC2125B1E12E00EC03DC /* Sources */ = {
			isa = PBXSourcesBuildPhase;
			buildActionMask = 2147483647;
			files = (
				7492DC2A25B1E12E00EC03DC /* Movie_SearcherTests.swift in Sources */,
			);
			runOnlyForDeploymentPostprocessing = 0;
		};
		7492DC2C25B1E12E00EC03DC /* Sources */ = {
			isa = PBXSourcesBuildPhase;
			buildActionMask = 2147483647;
			files = (
				7492DC3525B1E12E00EC03DC /* Movie_SearcherUITests.swift in Sources */,
			);
			runOnlyForDeploymentPostprocessing = 0;
		};
/* End PBXSourcesBuildPhase section */

/* Begin PBXTargetDependency section */
		7492DC2725B1E12E00EC03DC /* PBXTargetDependency */ = {
			isa = PBXTargetDependency;
			target = 7492DC0E25B1E12C00EC03DC /* Movie Searcher */;
			targetProxy = 7492DC2625B1E12E00EC03DC /* PBXContainerItemProxy */;
		};
		7492DC3225B1E12E00EC03DC /* PBXTargetDependency */ = {
			isa = PBXTargetDependency;
			target = 7492DC0E25B1E12C00EC03DC /* Movie Searcher */;
			targetProxy = 7492DC3125B1E12E00EC03DC /* PBXContainerItemProxy */;
		};
/* End PBXTargetDependency section */

/* Begin PBXVariantGroup section */
		7492DC1825B1E12D00EC03DC /* Main.storyboard */ = {
			isa = PBXVariantGroup;
			children = (
				7492DC1925B1E12D00EC03DC /* Base */,
			);
			name = Main.storyboard;
			sourceTree = "<group>";
		};
		7492DC1D25B1E12D00EC03DC /* LaunchScreen.storyboard */ = {
			isa = PBXVariantGroup;
			children = (
				7492DC1E25B1E12D00EC03DC /* Base */,
			);
			name = LaunchScreen.storyboard;
			sourceTree = "<group>";
		};
/* End PBXVariantGroup section */

/* Begin XCBuildConfiguration section */
		7492DC3725B1E12E00EC03DC /* Debug */ = {
			isa = XCBuildConfiguration;
			buildSettings = {
				ALWAYS_SEARCH_USER_PATHS = NO;
				CLANG_ANALYZER_NONNULL = YES;
				CLANG_ANALYZER_NUMBER_OBJECT_CONVERSION = YES_AGGRESSIVE;
				CLANG_CXX_LANGUAGE_STANDARD = "gnu++14";
				CLANG_CXX_LIBRARY = "libc++";
				CLANG_ENABLE_MODULES = YES;
				CLANG_ENABLE_OBJC_ARC = YES;
				CLANG_ENABLE_OBJC_WEAK = YES;
				CLANG_WARN_BLOCK_CAPTURE_AUTORELEASING = YES;
				CLANG_WARN_BOOL_CONVERSION = YES;
				CLANG_WARN_COMMA = YES;
				CLANG_WARN_CONSTANT_CONVERSION = YES;
				CLANG_WARN_DEPRECATED_OBJC_IMPLEMENTATIONS = YES;
				CLANG_WARN_DIRECT_OBJC_ISA_USAGE = YES_ERROR;
				CLANG_WARN_DOCUMENTATION_COMMENTS = YES;
				CLANG_WARN_EMPTY_BODY = YES;
				CLANG_WARN_ENUM_CONVERSION = YES;
				CLANG_WARN_INFINITE_RECURSION = YES;
				CLANG_WARN_INT_CONVERSION = YES;
				CLANG_WARN_NON_LITERAL_NULL_CONVERSION = YES;
				CLANG_WARN_OBJC_IMPLICIT_RETAIN_SELF = YES;
				CLANG_WARN_OBJC_LITERAL_CONVERSION = YES;
				CLANG_WARN_OBJC_ROOT_CLASS = YES_ERROR;
				CLANG_WARN_QUOTED_INCLUDE_IN_FRAMEWORK_HEADER = YES;
				CLANG_WARN_RANGE_LOOP_ANALYSIS = YES;
				CLANG_WARN_STRICT_PROTOTYPES = YES;
				CLANG_WARN_SUSPICIOUS_MOVE = YES;
				CLANG_WARN_UNGUARDED_AVAILABILITY = YES_AGGRESSIVE;
				CLANG_WARN_UNREACHABLE_CODE = YES;
				CLANG_WARN__DUPLICATE_METHOD_MATCH = YES;
				COPY_PHASE_STRIP = NO;
				DEBUG_INFORMATION_FORMAT = dwarf;
				ENABLE_STRICT_OBJC_MSGSEND = YES;
				ENABLE_TESTABILITY = YES;
				GCC_C_LANGUAGE_STANDARD = gnu11;
				GCC_DYNAMIC_NO_PIC = NO;
				GCC_NO_COMMON_BLOCKS = YES;
				GCC_OPTIMIZATION_LEVEL = 0;
				GCC_PREPROCESSOR_DEFINITIONS = (
					"DEBUG=1",
					"$(inherited)",
				);
				GCC_WARN_64_TO_32_BIT_CONVERSION = YES;
				GCC_WARN_ABOUT_RETURN_TYPE = YES_ERROR;
				GCC_WARN_UNDECLARED_SELECTOR = YES;
				GCC_WARN_UNINITIALIZED_AUTOS = YES_AGGRESSIVE;
				GCC_WARN_UNUSED_FUNCTION = YES;
				GCC_WARN_UNUSED_VARIABLE = YES;
				IPHONEOS_DEPLOYMENT_TARGET = 14.3;
				MTL_ENABLE_DEBUG_INFO = INCLUDE_SOURCE;
				MTL_FAST_MATH = YES;
				ONLY_ACTIVE_ARCH = YES;
				SDKROOT = iphoneos;
				SWIFT_ACTIVE_COMPILATION_CONDITIONS = DEBUG;
				SWIFT_OPTIMIZATION_LEVEL = "-Onone";
			};
			name = Debug;
		};
		7492DC3825B1E12E00EC03DC /* Release */ = {
			isa = XCBuildConfiguration;
			buildSettings = {
				ALWAYS_SEARCH_USER_PATHS = NO;
				CLANG_ANALYZER_NONNULL = YES;
				CLANG_ANALYZER_NUMBER_OBJECT_CONVERSION = YES_AGGRESSIVE;
				CLANG_CXX_LANGUAGE_STANDARD = "gnu++14";
				CLANG_CXX_LIBRARY = "libc++";
				CLANG_ENABLE_MODULES = YES;
				CLANG_ENABLE_OBJC_ARC = YES;
				CLANG_ENABLE_OBJC_WEAK = YES;
				CLANG_WARN_BLOCK_CAPTURE_AUTORELEASING = YES;
				CLANG_WARN_BOOL_CONVERSION = YES;
				CLANG_WARN_COMMA = YES;
				CLANG_WARN_CONSTANT_CONVERSION = YES;
				CLANG_WARN_DEPRECATED_OBJC_IMPLEMENTATIONS = YES;
				CLANG_WARN_DIRECT_OBJC_ISA_USAGE = YES_ERROR;
				CLANG_WARN_DOCUMENTATION_COMMENTS = YES;
				CLANG_WARN_EMPTY_BODY = YES;
				CLANG_WARN_ENUM_CONVERSION = YES;
				CLANG_WARN_INFINITE_RECURSION = YES;
				CLANG_WARN_INT_CONVERSION = YES;
				CLANG_WARN_NON_LITERAL_NULL_CONVERSION = YES;
				CLANG_WARN_OBJC_IMPLICIT_RETAIN_SELF = YES;
				CLANG_WARN_OBJC_LITERAL_CONVERSION = YES;
				CLANG_WARN_OBJC_ROOT_CLASS = YES_ERROR;
				CLANG_WARN_QUOTED_INCLUDE_IN_FRAMEWORK_HEADER = YES;
				CLANG_WARN_RANGE_LOOP_ANALYSIS = YES;
				CLANG_WARN_STRICT_PROTOTYPES = YES;
				CLANG_WARN_SUSPICIOUS_MOVE = YES;
				CLANG_WARN_UNGUARDED_AVAILABILITY = YES_AGGRESSIVE;
				CLANG_WARN_UNREACHABLE_CODE = YES;
				CLANG_WARN__DUPLICATE_METHOD_MATCH = YES;
				COPY_PHASE_STRIP = NO;
				DEBUG_INFORMATION_FORMAT = "dwarf-with-dsym";
				ENABLE_NS_ASSERTIONS = NO;
				ENABLE_STRICT_OBJC_MSGSEND = YES;
				GCC_C_LANGUAGE_STANDARD = gnu11;
				GCC_NO_COMMON_BLOCKS = YES;
				GCC_WARN_64_TO_32_BIT_CONVERSION = YES;
				GCC_WARN_ABOUT_RETURN_TYPE = YES_ERROR;
				GCC_WARN_UNDECLARED_SELECTOR = YES;
				GCC_WARN_UNINITIALIZED_AUTOS = YES_AGGRESSIVE;
				GCC_WARN_UNUSED_FUNCTION = YES;
				GCC_WARN_UNUSED_VARIABLE = YES;
				IPHONEOS_DEPLOYMENT_TARGET = 14.3;
				MTL_ENABLE_DEBUG_INFO = NO;
				MTL_FAST_MATH = YES;
				SDKROOT = iphoneos;
				SWIFT_COMPILATION_MODE = wholemodule;
				SWIFT_OPTIMIZATION_LEVEL = "-O";
				VALIDATE_PRODUCT = YES;
			};
			name = Release;
		};
		7492DC3A25B1E12E00EC03DC /* Debug */ = {
			isa = XCBuildConfiguration;
			buildSettings = {
				ASSETCATALOG_COMPILER_APPICON_NAME = AppIcon;
				ASSETCATALOG_COMPILER_GLOBAL_ACCENT_COLOR_NAME = AccentColor;
				CODE_SIGN_STYLE = Automatic;
				DEVELOPMENT_TEAM = 39LR9DWQ6R;
				INFOPLIST_FILE = "Movie Searcher/Info.plist";
				LD_RUNPATH_SEARCH_PATHS = (
					"$(inherited)",
					"@executable_path/Frameworks",
				);
				PRODUCT_BUNDLE_IDENTIFIER = "com.cipriancucuciuhan.Movie-Searcher";
				PRODUCT_NAME = "$(TARGET_NAME)";
				SWIFT_VERSION = 5.0;
				TARGETED_DEVICE_FAMILY = "1,2";
			};
			name = Debug;
		};
		7492DC3B25B1E12E00EC03DC /* Release */ = {
			isa = XCBuildConfiguration;
			buildSettings = {
				ASSETCATALOG_COMPILER_APPICON_NAME = AppIcon;
				ASSETCATALOG_COMPILER_GLOBAL_ACCENT_COLOR_NAME = AccentColor;
				CODE_SIGN_STYLE = Automatic;
				DEVELOPMENT_TEAM = 39LR9DWQ6R;
				INFOPLIST_FILE = "Movie Searcher/Info.plist";
				LD_RUNPATH_SEARCH_PATHS = (
					"$(inherited)",
					"@executable_path/Frameworks",
				);
				PRODUCT_BUNDLE_IDENTIFIER = "com.cipriancucuciuhan.Movie-Searcher";
				PRODUCT_NAME = "$(TARGET_NAME)";
				SWIFT_VERSION = 5.0;
				TARGETED_DEVICE_FAMILY = "1,2";
			};
			name = Release;
		};
		7492DC3D25B1E12E00EC03DC /* Debug */ = {
			isa = XCBuildConfiguration;
			buildSettings = {
				ALWAYS_EMBED_SWIFT_STANDARD_LIBRARIES = YES;
				BUNDLE_LOADER = "$(TEST_HOST)";
				CODE_SIGN_STYLE = Automatic;
				DEVELOPMENT_TEAM = 39LR9DWQ6R;
				INFOPLIST_FILE = "Movie SearcherTests/Info.plist";
				IPHONEOS_DEPLOYMENT_TARGET = 14.3;
				LD_RUNPATH_SEARCH_PATHS = (
					"$(inherited)",
					"@executable_path/Frameworks",
					"@loader_path/Frameworks",
				);
				PRODUCT_BUNDLE_IDENTIFIER = "com.cipriancucuciuhan.Movie-SearcherTests";
				PRODUCT_NAME = "$(TARGET_NAME)";
				SWIFT_VERSION = 5.0;
				TARGETED_DEVICE_FAMILY = "1,2";
				TEST_HOST = "$(BUILT_PRODUCTS_DIR)/Movie Searcher.app/Movie Searcher";
			};
			name = Debug;
		};
		7492DC3E25B1E12E00EC03DC /* Release */ = {
			isa = XCBuildConfiguration;
			buildSettings = {
				ALWAYS_EMBED_SWIFT_STANDARD_LIBRARIES = YES;
				BUNDLE_LOADER = "$(TEST_HOST)";
				CODE_SIGN_STYLE = Automatic;
				DEVELOPMENT_TEAM = 39LR9DWQ6R;
				INFOPLIST_FILE = "Movie SearcherTests/Info.plist";
				IPHONEOS_DEPLOYMENT_TARGET = 14.3;
				LD_RUNPATH_SEARCH_PATHS = (
					"$(inherited)",
					"@executable_path/Frameworks",
					"@loader_path/Frameworks",
				);
				PRODUCT_BUNDLE_IDENTIFIER = "com.cipriancucuciuhan.Movie-SearcherTests";
				PRODUCT_NAME = "$(TARGET_NAME)";
				SWIFT_VERSION = 5.0;
				TARGETED_DEVICE_FAMILY = "1,2";
				TEST_HOST = "$(BUILT_PRODUCTS_DIR)/Movie Searcher.app/Movie Searcher";
			};
			name = Release;
		};
		7492DC4025B1E12E00EC03DC /* Debug */ = {
			isa = XCBuildConfiguration;
			buildSettings = {
				ALWAYS_EMBED_SWIFT_STANDARD_LIBRARIES = YES;
				CODE_SIGN_STYLE = Automatic;
				DEVELOPMENT_TEAM = 39LR9DWQ6R;
				INFOPLIST_FILE = "Movie SearcherUITests/Info.plist";
				LD_RUNPATH_SEARCH_PATHS = (
					"$(inherited)",
					"@executable_path/Frameworks",
					"@loader_path/Frameworks",
				);
				PRODUCT_BUNDLE_IDENTIFIER = "com.cipriancucuciuhan.Movie-SearcherUITests";
				PRODUCT_NAME = "$(TARGET_NAME)";
				SWIFT_VERSION = 5.0;
				TARGETED_DEVICE_FAMILY = "1,2";
				TEST_TARGET_NAME = "Movie Searcher";
			};
			name = Debug;
		};
		7492DC4125B1E12E00EC03DC /* Release */ = {
			isa = XCBuildConfiguration;
			buildSettings = {
				ALWAYS_EMBED_SWIFT_STANDARD_LIBRARIES = YES;
				CODE_SIGN_STYLE = Automatic;
				DEVELOPMENT_TEAM = 39LR9DWQ6R;
				INFOPLIST_FILE = "Movie SearcherUITests/Info.plist";
				LD_RUNPATH_SEARCH_PATHS = (
					"$(inherited)",
					"@executable_path/Frameworks",
					"@loader_path/Frameworks",
				);
				PRODUCT_BUNDLE_IDENTIFIER = "com.cipriancucuciuhan.Movie-SearcherUITests";
				PRODUCT_NAME = "$(TARGET_NAME)";
				SWIFT_VERSION = 5.0;
				TARGETED_DEVICE_FAMILY = "1,2";
				TEST_TARGET_NAME = "Movie Searcher";
			};
			name = Release;
		};
/* End XCBuildConfiguration section */

/* Begin XCConfigurationList section */
		7492DC0A25B1E12C00EC03DC /* Build configuration list for PBXProject "Movie Searcher" */ = {
			isa = XCConfigurationList;
			buildConfigurations = (
				7492DC3725B1E12E00EC03DC /* Debug */,
				7492DC3825B1E12E00EC03DC /* Release */,
			);
			defaultConfigurationIsVisible = 0;
			defaultConfigurationName = Release;
		};
		7492DC3925B1E12E00EC03DC /* Build configuration list for PBXNativeTarget "Movie Searcher" */ = {
			isa = XCConfigurationList;
			buildConfigurations = (
				7492DC3A25B1E12E00EC03DC /* Debug */,
				7492DC3B25B1E12E00EC03DC /* Release */,
			);
			defaultConfigurationIsVisible = 0;
			defaultConfigurationName = Release;
		};
		7492DC3C25B1E12E00EC03DC /* Build configuration list for PBXNativeTarget "Movie SearcherTests" */ = {
			isa = XCConfigurationList;
			buildConfigurations = (
				7492DC3D25B1E12E00EC03DC /* Debug */,
				7492DC3E25B1E12E00EC03DC /* Release */,
			);
			defaultConfigurationIsVisible = 0;
			defaultConfigurationName = Release;
		};
		7492DC3F25B1E12E00EC03DC /* Build configuration list for PBXNativeTarget "Movie SearcherUITests" */ = {
			isa = XCConfigurationList;
			buildConfigurations = (
				7492DC4025B1E12E00EC03DC /* Debug */,
				7492DC4125B1E12E00EC03DC /* Release */,
			);
			defaultConfigurationIsVisible = 0;
			defaultConfigurationName = Release;
		};
/* End XCConfigurationList section */
	};
	rootObject = 7492DC0725B1E12C00EC03DC /* Project object */;
}
